
Microsoft Visual Studio Solution File, Format Version 12.00
# Visual Studio Version 17
VisualStudioVersion = 17.2.32602.215
MinimumVisualStudioVersion = 10.0.40219.1
Project("{FAE04EC0-301F-11D3-BF4B-00C04F79EFBC}") = "GSB_Comptabilite", "GSB_Comptabilite\GSB_Comptabilite.csproj", "{083E42B7-8073-43B4-9488-C5A2F3803B65}"
EndProject
Global
	GlobalSection(SolutionConfigurationPlatforms) = preSolution
		Debug|Any CPU = Debug|Any CPU
		Release|Any CPU = Release|Any CPU
	EndGlobalSection
	GlobalSection(ProjectConfigurationPlatforms) = postSolution
		{083E42B7-8073-43B4-9488-C5A2F3803B65}.Debug|Any CPU.ActiveCfg = Debug|Any CPU
		{083E42B7-8073-43B4-9488-C5A2F3803B65}.Debug|Any CPU.Build.0 = Debug|Any CPU
		{083E42B7-8073-43B4-9488-C5A2F3803B65}.Release|Any CPU.ActiveCfg = Release|Any CPU
		{083E42B7-8073-43B4-9488-C5A2F3803B65}.Release|Any CPU.Build.0 = Release|Any CPU
	EndGlobalSection
	GlobalSection(SolutionProperties) = preSolution
		HideSolutionNode = FALSE
	EndGlobalSection
	GlobalSection(ExtensibilityGlobals) = postSolution
		SolutionGuid = {0ABA9460-634B-449B-A770-38A45B9B3C2A}
	EndGlobalSection
EndGlobal
